<?xml version="1.0" encoding="utf-8"?>
<Project ToolsVersion="4.0" xmlns="http://schemas.microsoft.com/developer/msbuild/2003">
  <ItemGroup>
    <Filter Include="ソース ファイル">
      <UniqueIdentifier>{4FC737F1-C7A5-4376-A066-2A32D752A2FF}</UniqueIdentifier>
      <Extensions>cpp;c;cc;cxx;def;odl;idl;hpj;bat;asm;asmx</Extensions>
    </Filter>
    <Filter Include="リソース ファイル">
      <UniqueIdentifier>{67DA6AB6-F800-4c08-8B7A-83BB121AAD01}</UniqueIdentifier>
      <Extensions>rc;ico;cur;bmp;dlg;rc2;rct;bin;rgs;gif;jpg;jpeg;jpe;resx;tiff;tif;png;wav;mfcribbon-ms</Extensions>
    </Filter>
    <Filter Include="フォーム">
      <UniqueIdentifier>{efd18b96-4492-4503-af2d-2f9ef46b9f35}</UniqueIdentifier>
    </Filter>
    <Filter Include="デバッグ">
      <UniqueIdentifier>{5ea2f962-2e6d-4559-9328-478a9afcdc30}</UniqueIdentifier>
    </Filter>
    <Filter Include="ステータスバー">
      <UniqueIdentifier>{6d560291-9b3a-4a97-ab69-a425411ea589}</UniqueIdentifier>
    </Filter>
    <Filter Include="エディット">
      <UniqueIdentifier>{875beb31-5cee-4dd2-9ae0-faf4bc38eab3}</UniqueIdentifier>
    </Filter>
    <Filter Include="共有メモリ">
      <UniqueIdentifier>{beae06e5-b9ae-402a-a486-accaaa16c1a4}</UniqueIdentifier>
    </Filter>
    <Filter Include="カーソル">
      <UniqueIdentifier>{a5b1ff5b-3999-4fdf-a24c-ccea40fc97f8}</UniqueIdentifier>
    </Filter>
    <Filter Include="秀丸本体からのExport">
      <UniqueIdentifier>{f0b7cb93-c7cc-4121-af2f-8a1edeca129d}</UniqueIdentifier>
    </Filter>
  </ItemGroup>
  <ItemGroup>
    <ClCompile Include="OutputDebugStream.cpp">
      <Filter>デバッグ</Filter>
    </ClCompile>
    <ClCompile Include="HmStatusBarText.cpp">
      <Filter>ステータスバー</Filter>
    </ClCompile>
    <ClCompile Include="HmEditClient.cpp">
      <Filter>エディット</Filter>
    </ClCompile>
    <ClCompile Include="SharedMemory.cpp">
      <Filter>共有メモリ</Filter>
    </ClCompile>
    <ClCompile Include="HmCursor.cpp">
      <Filter>カーソル</Filter>
    </ClCompile>
    <ClCompile Include="HmStatusBarPreviewFormController.cpp">
      <Filter>フォーム</Filter>
    </ClCompile>
    <ClCompile Include="main.cpp">
      <Filter>ソース ファイル</Filter>
    </ClCompile>
    <ClCompile Include="hidemaruexe_export.cpp">
      <Filter>秀丸本体からのExport</Filter>
    </ClCompile>
    <ClCompile Include="hidemaruexe_handle.cpp">
      <Filter>秀丸本体からのExport</Filter>
    </ClCompile>
  </ItemGroup>
  <ItemGroup>
    <None Include="HmStatusBarPreviewForm.h">
      <Filter>フォーム</Filter>
    </None>
    <None Include="HmLinkedTextPreview.def">
      <Filter>ソース ファイル</Filter>
    </None>
  </ItemGroup>
  <ItemGroup>
    <ClInclude Include="HmStatusBarText.h">
      <Filter>ステータスバー</Filter>
    </ClInclude>
    <ClInclude Include="HmEditClient.h">
      <Filter>エディット</Filter>
    </ClInclude>
    <ClInclude Include="OutputDebugStream.h">
      <Filter>デバッグ</Filter>
    </ClInclude>
    <ClInclude Include="HmStatusBarPreviewFormController.h">
      <Filter>フォーム</Filter>
    </ClInclude>
    <ClInclude Include="HmCursor.h">
      <Filter>カーソル</Filter>
    </ClInclude>
    <ClInclude Include="hidemaruexe_export.h">
      <Filter>秀丸本体からのExport</Filter>
    </ClInclude>
    <ClInclude Include="hidemaruexe_handle.h">
      <Filter>秀丸本体からのExport</Filter>
    </ClInclude>
    <ClInclude Include="resource.h">
      <Filter>リソース ファイル</Filter>
    </ClInclude>
  </ItemGroup>
  <ItemGroup>
    <ResourceCompile Include="HmLinkedTextPreview.rc">
      <Filter>リソース ファイル</Filter>
    </ResourceCompile>
  </ItemGroup>
</Project>