
Microsoft Visual Studio Solution File, Format Version 12.00
# Visual Studio Version 16
VisualStudioVersion = 16.0.31313.79
MinimumVisualStudioVersion = 10.0.40219.1
Project("{54435603-DBB4-11D2-8724-00A0C9A8B90C}") = "hmPython3_setup_x64", "hmPython3_setup_x64\hmPython3_setup_x64.vdproj", "{351D0EEB-1D6E-4AA2-9D6C-7E1B864DB166}"
EndProject
Project("{54435603-DBB4-11D2-8724-00A0C9A8B90C}") = "hmPython3_setup_x86", "hmPython3_setup_x86\hmPython3_setup_x86.vdproj", "{244D52C2-CABD-4EF5-9B52-55B0D054834E}"
EndProject
Global
	GlobalSection(SolutionConfigurationPlatforms) = preSolution
		Debug|Default = Debug|Default
		Release|Default = Release|Default
	EndGlobalSection
	GlobalSection(ProjectConfigurationPlatforms) = postSolution
		{351D0EEB-1D6E-4AA2-9D6C-7E1B864DB166}.Debug|Default.ActiveCfg = Debug
		{351D0EEB-1D6E-4AA2-9D6C-7E1B864DB166}.Release|Default.ActiveCfg = Release
		{244D52C2-CABD-4EF5-9B52-55B0D054834E}.Debug|Default.ActiveCfg = Debug
		{244D52C2-CABD-4EF5-9B52-55B0D054834E}.Release|Default.ActiveCfg = Release
	EndGlobalSection
	GlobalSection(SolutionProperties) = preSolution
		HideSolutionNode = FALSE
	EndGlobalSection
	GlobalSection(ExtensibilityGlobals) = postSolution
		SolutionGuid = {20CE7D20-D1BD-4C3E-BB77-AC9E8C8981DB}
	EndGlobalSection
EndGlobal
