<?xml version="1.0" encoding="utf-8"?>
<Project ToolsVersion="4.0" xmlns="http://schemas.microsoft.com/developer/msbuild/2003">
  <ItemGroup>
    <Filter Include="リソース ファイル">
      <UniqueIdentifier>{67DA6AB6-F800-4c08-8B7A-83BB121AAD01}</UniqueIdentifier>
      <Extensions>rc;ico;cur;bmp;dlg;rc2;rct;bin;rgs;gif;jpg;jpeg;jpe;resx;tiff;tif;png;wav;mfcribbon-ms</Extensions>
    </Filter>
    <Filter Include="文字列の相互変換 cp932⇔utf16⇔utf8">
      <UniqueIdentifier>{da0938c9-1661-41c4-86c0-771053a4502c}</UniqueIdentifier>
    </Filter>
    <Filter Include="秀丸本体のexeの関数やバージョン">
      <UniqueIdentifier>{5d65136f-21a3-40e2-bddc-60f74f7b21b8}</UniqueIdentifier>
    </Filter>
    <Filter Include="本体">
      <UniqueIdentifier>{4FC737F1-C7A5-4376-A066-2A32D752A2FF}</UniqueIdentifier>
      <Extensions>cpp;c;cc;cxx;def;odl;idl;hpj;bat;asm;asmx</Extensions>
    </Filter>
  </ItemGroup>
  <ItemGroup>
    <ClCompile Include="hmRb.cpp">
      <Filter>本体</Filter>
    </ClCompile>
    <ClCompile Include="string_converter.cpp">
      <Filter>文字列の相互変換 cp932⇔utf16⇔utf8</Filter>
    </ClCompile>
    <ClCompile Include="hidemaruexe_export.cpp">
      <Filter>秀丸本体のexeの関数やバージョン</Filter>
    </ClCompile>
    <ClCompile Include="hmRbDllPathResolver.cpp">
      <Filter>本体</Filter>
    </ClCompile>
  </ItemGroup>
  <ItemGroup>
    <ClInclude Include="hmRbStatlcLib.h">
      <Filter>本体</Filter>
    </ClInclude>
    <ClInclude Include="string_converter.h">
      <Filter>文字列の相互変換 cp932⇔utf16⇔utf8</Filter>
    </ClInclude>
    <ClInclude Include="hidemaruexe_export.h">
      <Filter>秀丸本体のexeの関数やバージョン</Filter>
    </ClInclude>
    <ClInclude Include="resource.h">
      <Filter>リソース ファイル</Filter>
    </ClInclude>
    <ClInclude Include="hmRb.h">
      <Filter>本体</Filter>
    </ClInclude>
  </ItemGroup>
  <ItemGroup>
    <ResourceCompile Include="resource.rc">
      <Filter>リソース ファイル</Filter>
    </ResourceCompile>
  </ItemGroup>
</Project>