
Microsoft Visual Studio Solution File, Format Version 12.00
# Visual Studio Version 16
VisualStudioVersion = 16.0.30804.86
MinimumVisualStudioVersion = 10.0.40219.1
Project("{FAE04EC0-301F-11D3-BF4B-00C04F79EFBC}") = "ClassLibrary15", "ClassLibrary15\ClassLibrary15.csproj", "{0A21F9BC-A97A-47F7-991F-05BDFE66775A}"
EndProject
Global
	GlobalSection(SolutionConfigurationPlatforms) = preSolution
		Debug|Any CPU = Debug|Any CPU
		Release|Any CPU = Release|Any CPU
	EndGlobalSection
	GlobalSection(ProjectConfigurationPlatforms) = postSolution
		{0A21F9BC-A97A-47F7-991F-05BDFE66775A}.Debug|Any CPU.ActiveCfg = Debug|Any CPU
		{0A21F9BC-A97A-47F7-991F-05BDFE66775A}.Debug|Any CPU.Build.0 = Debug|Any CPU
		{0A21F9BC-A97A-47F7-991F-05BDFE66775A}.Release|Any CPU.ActiveCfg = Release|Any CPU
		{0A21F9BC-A97A-47F7-991F-05BDFE66775A}.Release|Any CPU.Build.0 = Release|Any CPU
	EndGlobalSection
	GlobalSection(SolutionProperties) = preSolution
		HideSolutionNode = FALSE
	EndGlobalSection
	GlobalSection(ExtensibilityGlobals) = postSolution
		SolutionGuid = {40127A8E-0ED8-43DB-8282-094E717BF78C}
	EndGlobalSection
EndGlobal
