
Microsoft Visual Studio Solution File, Format Version 12.00
# Visual Studio Version 16
VisualStudioVersion = 16.0.31605.320
MinimumVisualStudioVersion = 10.0.40219.1
Project("{8BC9CEB8-8B4A-11D0-8D11-00A0C91BC942}") = "HmIconReplacer", "HmIconReplacer\HmIconReplacer.vcxproj", "{FDACED52-39DD-4412-8776-6E2BE2AD2D95}"
EndProject
Global
	GlobalSection(SolutionConfigurationPlatforms) = preSolution
		Debug|x64 = Debug|x64
		Debug|x86 = Debug|x86
		Release|x64 = Release|x64
		Release|x86 = Release|x86
	EndGlobalSection
	GlobalSection(ProjectConfigurationPlatforms) = postSolution
		{FDACED52-39DD-4412-8776-6E2BE2AD2D95}.Debug|x64.ActiveCfg = Debug|x64
		{FDACED52-39DD-4412-8776-6E2BE2AD2D95}.Debug|x64.Build.0 = Debug|x64
		{FDACED52-39DD-4412-8776-6E2BE2AD2D95}.Debug|x86.ActiveCfg = Debug|Win32
		{FDACED52-39DD-4412-8776-6E2BE2AD2D95}.Debug|x86.Build.0 = Debug|Win32
		{FDACED52-39DD-4412-8776-6E2BE2AD2D95}.Release|x64.ActiveCfg = Release|x64
		{FDACED52-39DD-4412-8776-6E2BE2AD2D95}.Release|x64.Build.0 = Release|x64
		{FDACED52-39DD-4412-8776-6E2BE2AD2D95}.Release|x86.ActiveCfg = Release|Win32
		{FDACED52-39DD-4412-8776-6E2BE2AD2D95}.Release|x86.Build.0 = Release|Win32
	EndGlobalSection
	GlobalSection(SolutionProperties) = preSolution
		HideSolutionNode = FALSE
	EndGlobalSection
	GlobalSection(ExtensibilityGlobals) = postSolution
		SolutionGuid = {411FE519-67AA-41C5-9073-71E54C888EDD}
	EndGlobalSection
EndGlobal
