
Microsoft Visual Studio Solution File, Format Version 12.00
# Visual Studio Version 16
VisualStudioVersion = 16.0.31005.135
MinimumVisualStudioVersion = 10.0.40219.1
Project("{FAE04EC0-301F-11D3-BF4B-00C04F79EFBC}") = "NET5COMServer", "NET5COMServer\NET5COMServer.csproj", "{F17CC3CF-38A8-4B34-96C0-1B6BADA42FE4}"
EndProject
Global
	GlobalSection(SolutionConfigurationPlatforms) = preSolution
		Debug|Any CPU = Debug|Any CPU
		Release|Any CPU = Release|Any CPU
	EndGlobalSection
	GlobalSection(ProjectConfigurationPlatforms) = postSolution
		{F17CC3CF-38A8-4B34-96C0-1B6BADA42FE4}.Debug|Any CPU.ActiveCfg = Debug|Any CPU
		{F17CC3CF-38A8-4B34-96C0-1B6BADA42FE4}.Debug|Any CPU.Build.0 = Debug|Any CPU
		{F17CC3CF-38A8-4B34-96C0-1B6BADA42FE4}.Release|Any CPU.ActiveCfg = Release|Any CPU
		{F17CC3CF-38A8-4B34-96C0-1B6BADA42FE4}.Release|Any CPU.Build.0 = Release|Any CPU
	EndGlobalSection
	GlobalSection(SolutionProperties) = preSolution
		HideSolutionNode = FALSE
	EndGlobalSection
	GlobalSection(ExtensibilityGlobals) = postSolution
		SolutionGuid = {19ECAD17-B0A1-49DA-818E-FB1A9C8ED7D7}
	EndGlobalSection
EndGlobal
