
Microsoft Visual Studio Solution File, Format Version 12.00
# Visual Studio 14
VisualStudioVersion = 14.0.25420.1
MinimumVisualStudioVersion = 10.0.40219.1
Project("{FAE04EC0-301F-11D3-BF4B-00C04F79EFBC}") = "HmFileGoTo", "HmFileGoTo\HmFileGoTo.csproj", "{2D67A79F-BE3A-495A-BF12-254A3D027779}"
EndProject
Global
	GlobalSection(SolutionConfigurationPlatforms) = preSolution
		Debug|Any CPU = Debug|Any CPU
		Release|Any CPU = Release|Any CPU
	EndGlobalSection
	GlobalSection(ProjectConfigurationPlatforms) = postSolution
		{2D67A79F-BE3A-495A-BF12-254A3D027779}.Debug|Any CPU.ActiveCfg = Debug|Any CPU
		{2D67A79F-BE3A-495A-BF12-254A3D027779}.Debug|Any CPU.Build.0 = Debug|Any CPU
		{2D67A79F-BE3A-495A-BF12-254A3D027779}.Release|Any CPU.ActiveCfg = Release|Any CPU
		{2D67A79F-BE3A-495A-BF12-254A3D027779}.Release|Any CPU.Build.0 = Release|Any CPU
	EndGlobalSection
	GlobalSection(SolutionProperties) = preSolution
		HideSolutionNode = FALSE
	EndGlobalSection
EndGlobal
