
Microsoft Visual Studio Solution File, Format Version 12.00
# Visual Studio 15
VisualStudioVersion = 15.0.26430.16
MinimumVisualStudioVersion = 10.0.40219.1
Project("{54435603-DBB4-11D2-8724-00A0C9A8B90C}") = "HmChromeBrowserModeSetup", "HmChromeBrowserModeSetup\HmChromeBrowserModeSetup.vdproj", "{03F8E7C3-A58D-4B87-AFAF-E080A0185C78}"
EndProject
Global
	GlobalSection(SolutionConfigurationPlatforms) = preSolution
		Debug|Default = Debug|Default
		Release|Default = Release|Default
	EndGlobalSection
	GlobalSection(ProjectConfigurationPlatforms) = postSolution
		{03F8E7C3-A58D-4B87-AFAF-E080A0185C78}.Debug|Default.ActiveCfg = Debug
		{03F8E7C3-A58D-4B87-AFAF-E080A0185C78}.Debug|Default.Build.0 = Debug
		{03F8E7C3-A58D-4B87-AFAF-E080A0185C78}.Release|Default.ActiveCfg = Release
		{03F8E7C3-A58D-4B87-AFAF-E080A0185C78}.Release|Default.Build.0 = Release
	EndGlobalSection
	GlobalSection(SolutionProperties) = preSolution
		HideSolutionNode = FALSE
	EndGlobalSection
EndGlobal
