
Microsoft Visual Studio Solution File, Format Version 12.00
# Visual Studio 15
VisualStudioVersion = 15.0.26430.16
MinimumVisualStudioVersion = 10.0.40219.1
Project("{54435603-DBB4-11D2-8724-00A0C9A8B90C}") = "hmPython3_setup_x86", "hmPython3_setup_x86\hmPython3_setup_x86.vdproj", "{4275A6B6-420B-4FE8-8A97-26C852F7D899}"
EndProject
Project("{54435603-DBB4-11D2-8724-00A0C9A8B90C}") = "hmPython3_setup_x64", "hmPython3_setup_x64\hmPython3_setup_x64.vdproj", "{46763804-3DB8-4BE7-9639-FE71FE51B4C6}"
EndProject
Global
	GlobalSection(SolutionConfigurationPlatforms) = preSolution
		Debug|Default = Debug|Default
		Release|Default = Release|Default
	EndGlobalSection
	GlobalSection(ProjectConfigurationPlatforms) = postSolution
		{4275A6B6-420B-4FE8-8A97-26C852F7D899}.Debug|Default.ActiveCfg = Debug
		{4275A6B6-420B-4FE8-8A97-26C852F7D899}.Release|Default.ActiveCfg = Release
		{46763804-3DB8-4BE7-9639-FE71FE51B4C6}.Debug|Default.ActiveCfg = Debug
		{46763804-3DB8-4BE7-9639-FE71FE51B4C6}.Release|Default.ActiveCfg = Release
	EndGlobalSection
	GlobalSection(SolutionProperties) = preSolution
		HideSolutionNode = FALSE
	EndGlobalSection
	GlobalSection(ExtensibilityGlobals) = postSolution
		SolutionGuid = {20CE7D20-D1BD-4C3E-BB77-AC9E8C8981DB}
	EndGlobalSection
EndGlobal
