
Microsoft Visual Studio Solution File, Format Version 12.00
# Visual Studio 15
VisualStudioVersion = 15.0.26430.16
MinimumVisualStudioVersion = 10.0.40219.1
Project("{54435603-DBB4-11D2-8724-00A0C9A8B90C}") = "hmPython3_setup_x64", "hmPython3_setup_x64\hmPython3_setup_x64.vdproj", "{B2865BA9-672F-476B-9D62-BB38875D9F5A}"
EndProject
Project("{54435603-DBB4-11D2-8724-00A0C9A8B90C}") = "hmPython3_setup_x86", "hmPython3_setup_x86\hmPython3_setup_x86.vdproj", "{DCA43DE1-80E3-4B28-9760-97A90ED95F86}"
EndProject
Global
	GlobalSection(SolutionConfigurationPlatforms) = preSolution
		Debug|Default = Debug|Default
		Release|Default = Release|Default
	EndGlobalSection
	GlobalSection(ProjectConfigurationPlatforms) = postSolution
		{B2865BA9-672F-476B-9D62-BB38875D9F5A}.Debug|Default.ActiveCfg = Debug
		{B2865BA9-672F-476B-9D62-BB38875D9F5A}.Release|Default.ActiveCfg = Release
		{DCA43DE1-80E3-4B28-9760-97A90ED95F86}.Debug|Default.ActiveCfg = Debug
		{DCA43DE1-80E3-4B28-9760-97A90ED95F86}.Release|Default.ActiveCfg = Release
	EndGlobalSection
	GlobalSection(SolutionProperties) = preSolution
		HideSolutionNode = FALSE
	EndGlobalSection
	GlobalSection(ExtensibilityGlobals) = postSolution
		SolutionGuid = {20CE7D20-D1BD-4C3E-BB77-AC9E8C8981DB}
	EndGlobalSection
EndGlobal
