
Microsoft Visual Studio Solution File, Format Version 12.00
# Visual Studio 15
VisualStudioVersion = 15.0.26430.16
MinimumVisualStudioVersion = 10.0.40219.1
Project("{54435603-DBB4-11D2-8724-00A0C9A8B90C}") = "hmPython3Setup_x86", "hmPython3Setup_x86\hmPython3Setup_x86.vdproj", "{31874DA9-9AAE-43B4-983C-5C9AFFF36F38}"
EndProject
Project("{54435603-DBB4-11D2-8724-00A0C9A8B90C}") = "hmPython3Setup_x64", "hmPython3Setup_x64\hmPython3Setup_x64.vdproj", "{84B19AAB-55EF-4D2F-84B8-89687D0AD0DB}"
EndProject
Global
	GlobalSection(SolutionConfigurationPlatforms) = preSolution
		Debug|Default = Debug|Default
		Release|Default = Release|Default
	EndGlobalSection
	GlobalSection(ProjectConfigurationPlatforms) = postSolution
		{31874DA9-9AAE-43B4-983C-5C9AFFF36F38}.Debug|Default.ActiveCfg = Debug
		{31874DA9-9AAE-43B4-983C-5C9AFFF36F38}.Release|Default.ActiveCfg = Release
		{84B19AAB-55EF-4D2F-84B8-89687D0AD0DB}.Debug|Default.ActiveCfg = Debug
		{84B19AAB-55EF-4D2F-84B8-89687D0AD0DB}.Release|Default.ActiveCfg = Release
	EndGlobalSection
	GlobalSection(SolutionProperties) = preSolution
		HideSolutionNode = FALSE
	EndGlobalSection
EndGlobal
