
Microsoft Visual Studio Solution File, Format Version 12.00
# Visual Studio 15
VisualStudioVersion = 15.0.26430.16
MinimumVisualStudioVersion = 10.0.40219.1
Project("{54435603-DBB4-11D2-8724-00A0C9A8B90C}") = "hmPython3_setup_x86", "hmPython3_setup_x86\hmPython3_setup_x86.vdproj", "{24D95F0D-C9F9-4D10-A61B-D634AD41E9FE}"
EndProject
Project("{54435603-DBB4-11D2-8724-00A0C9A8B90C}") = "hmPython3_setup_x64", "hmPython3_setup_x64\hmPython3_setup_x64.vdproj", "{CF8BD0EE-4FCF-416B-9FCF-8439CDCBB336}"
EndProject
Global
	GlobalSection(SolutionConfigurationPlatforms) = preSolution
		Debug|Default = Debug|Default
		Release|Default = Release|Default
	EndGlobalSection
	GlobalSection(ProjectConfigurationPlatforms) = postSolution
		{24D95F0D-C9F9-4D10-A61B-D634AD41E9FE}.Debug|Default.ActiveCfg = Debug
		{24D95F0D-C9F9-4D10-A61B-D634AD41E9FE}.Release|Default.ActiveCfg = Release
		{CF8BD0EE-4FCF-416B-9FCF-8439CDCBB336}.Debug|Default.ActiveCfg = Debug
		{CF8BD0EE-4FCF-416B-9FCF-8439CDCBB336}.Release|Default.ActiveCfg = Release
	EndGlobalSection
	GlobalSection(SolutionProperties) = preSolution
		HideSolutionNode = FALSE
	EndGlobalSection
	GlobalSection(ExtensibilityGlobals) = postSolution
		SolutionGuid = {20CE7D20-D1BD-4C3E-BB77-AC9E8C8981DB}
	EndGlobalSection
EndGlobal
