
Microsoft Visual Studio Solution File, Format Version 12.00
# Visual Studio Version 16
VisualStudioVersion = 16.0.31205.134
MinimumVisualStudioVersion = 10.0.40219.1
Project("{FAE04EC0-301F-11D3-BF4B-00C04F79EFBC}") = "ConsoleApp16", "ConsoleApp16.csproj", "{1A98C8D1-0099-429C-9ADA-7D8E75D2BEA6}"
EndProject
Global
	GlobalSection(SolutionConfigurationPlatforms) = preSolution
		Debug|Any CPU = Debug|Any CPU
		Release|Any CPU = Release|Any CPU
	EndGlobalSection
	GlobalSection(ProjectConfigurationPlatforms) = postSolution
		{1A98C8D1-0099-429C-9ADA-7D8E75D2BEA6}.Debug|Any CPU.ActiveCfg = Debug|Any CPU
		{1A98C8D1-0099-429C-9ADA-7D8E75D2BEA6}.Debug|Any CPU.Build.0 = Debug|Any CPU
		{1A98C8D1-0099-429C-9ADA-7D8E75D2BEA6}.Release|Any CPU.ActiveCfg = Release|Any CPU
		{1A98C8D1-0099-429C-9ADA-7D8E75D2BEA6}.Release|Any CPU.Build.0 = Release|Any CPU
	EndGlobalSection
	GlobalSection(SolutionProperties) = preSolution
		HideSolutionNode = FALSE
	EndGlobalSection
	GlobalSection(ExtensibilityGlobals) = postSolution
		SolutionGuid = {8E418BCA-6BA5-4871-8054-3A695C182AB4}
	EndGlobalSection
EndGlobal
