
Microsoft Visual Studio Solution File, Format Version 12.00
# Visual Studio Version 16
VisualStudioVersion = 16.0.30907.101
MinimumVisualStudioVersion = 10.0.40219.1
Project("{FAE04EC0-301F-11D3-BF4B-00C04F79EFBC}") = "HmWebView2WebBrowserMode", "HmWebView2WebBrowserMode\HmWebView2WebBrowserMode.csproj", "{89D4BE84-92C3-4D9B-9060-31C16823F6EB}"
EndProject
Global
	GlobalSection(SolutionConfigurationPlatforms) = preSolution
		Debug|Any CPU = Debug|Any CPU
		Release|Any CPU = Release|Any CPU
	EndGlobalSection
	GlobalSection(ProjectConfigurationPlatforms) = postSolution
		{89D4BE84-92C3-4D9B-9060-31C16823F6EB}.Debug|Any CPU.ActiveCfg = Debug|Any CPU
		{89D4BE84-92C3-4D9B-9060-31C16823F6EB}.Debug|Any CPU.Build.0 = Debug|Any CPU
		{89D4BE84-92C3-4D9B-9060-31C16823F6EB}.Release|Any CPU.ActiveCfg = Release|Any CPU
		{89D4BE84-92C3-4D9B-9060-31C16823F6EB}.Release|Any CPU.Build.0 = Release|Any CPU
	EndGlobalSection
	GlobalSection(SolutionProperties) = preSolution
		HideSolutionNode = FALSE
	EndGlobalSection
	GlobalSection(ExtensibilityGlobals) = postSolution
		SolutionGuid = {2181A894-38A7-4D0C-B83E-7D5AC33500AA}
	EndGlobalSection
EndGlobal
